
Microsoft Visual Studio Solution File, Format Version 12.00
# Visual Studio Version 17
VisualStudioVersion = 17.1.32210.238
MinimumVisualStudioVersion = 10.0.40219.1
Project("{FAE04EC0-301F-11D3-BF4B-00C04F79EFBC}") = "Lab03_Bai01_Client", "Lab03_Bai01_Client\Lab03_Bai01_Client.csproj", "{6E3045F9-8AFD-4EAA-BA18-F5EC10243482}"
EndProject
Project("{FAE04EC0-301F-11D3-BF4B-00C04F79EFBC}") = "Lab03_Bai01_Server", "Lab03_Bai01_Server\Lab03_Bai01_Server.csproj", "{889648C9-526A-4124-BFC4-8080EFE1F086}"
EndProject
Project("{FAE04EC0-301F-11D3-BF4B-00C04F79EFBC}") = "Lab03_Bai02_Server", "Lab03_Bai02_Server\Lab03_Bai02_Server.csproj", "{9FE754B3-A60A-41C4-A2F0-807BFCC791C2}"
EndProject
Project("{FAE04EC0-301F-11D3-BF4B-00C04F79EFBC}") = "Lab03_Bai02_Client", "Lab03_Bai02_Client\Lab03_Bai02_Client.csproj", "{7EE52C8B-7BEE-4ED1-87F0-63B393262238}"
EndProject
Project("{FAE04EC0-301F-11D3-BF4B-00C04F79EFBC}") = "Lab03_Bai03_Server", "Lab03_Bai03_Server\Lab03_Bai03_Server.csproj", "{68055B35-C615-4BA8-A36D-E0426C0A0D37}"
EndProject
Project("{FAE04EC0-301F-11D3-BF4B-00C04F79EFBC}") = "Lab03_Bai03_Client", "Lab03_Bai03_Client\Lab03_Bai03_Client.csproj", "{F2997163-8915-4C68-B3CD-CC33DDB2238F}"
EndProject
Project("{FAE04EC0-301F-11D3-BF4B-00C04F79EFBC}") = "Lab03_Bai04_Server", "Lab03_Bai04_Server\Lab03_Bai04_Server.csproj", "{5C3F18E8-A62E-4624-900D-E51086E5C910}"
EndProject
Project("{FAE04EC0-301F-11D3-BF4B-00C04F79EFBC}") = "Lab03_Bai04_Client", "Lab03_Bai04_Client\Lab03_Bai04_Client.csproj", "{AAE463E6-B672-4BE5-BD4A-0860F7F0F1EA}"
EndProject
Global
	GlobalSection(SolutionConfigurationPlatforms) = preSolution
		Debug|Any CPU = Debug|Any CPU
		Release|Any CPU = Release|Any CPU
	EndGlobalSection
	GlobalSection(ProjectConfigurationPlatforms) = postSolution
		{6E3045F9-8AFD-4EAA-BA18-F5EC10243482}.Debug|Any CPU.ActiveCfg = Debug|Any CPU
		{6E3045F9-8AFD-4EAA-BA18-F5EC10243482}.Debug|Any CPU.Build.0 = Debug|Any CPU
		{6E3045F9-8AFD-4EAA-BA18-F5EC10243482}.Release|Any CPU.ActiveCfg = Release|Any CPU
		{6E3045F9-8AFD-4EAA-BA18-F5EC10243482}.Release|Any CPU.Build.0 = Release|Any CPU
		{889648C9-526A-4124-BFC4-8080EFE1F086}.Debug|Any CPU.ActiveCfg = Debug|Any CPU
		{889648C9-526A-4124-BFC4-8080EFE1F086}.Debug|Any CPU.Build.0 = Debug|Any CPU
		{889648C9-526A-4124-BFC4-8080EFE1F086}.Release|Any CPU.ActiveCfg = Release|Any CPU
		{889648C9-526A-4124-BFC4-8080EFE1F086}.Release|Any CPU.Build.0 = Release|Any CPU
		{9FE754B3-A60A-41C4-A2F0-807BFCC791C2}.Debug|Any CPU.ActiveCfg = Debug|Any CPU
		{9FE754B3-A60A-41C4-A2F0-807BFCC791C2}.Debug|Any CPU.Build.0 = Debug|Any CPU
		{9FE754B3-A60A-41C4-A2F0-807BFCC791C2}.Release|Any CPU.ActiveCfg = Release|Any CPU
		{9FE754B3-A60A-41C4-A2F0-807BFCC791C2}.Release|Any CPU.Build.0 = Release|Any CPU
		{7EE52C8B-7BEE-4ED1-87F0-63B393262238}.Debug|Any CPU.ActiveCfg = Debug|Any CPU
		{7EE52C8B-7BEE-4ED1-87F0-63B393262238}.Debug|Any CPU.Build.0 = Debug|Any CPU
		{7EE52C8B-7BEE-4ED1-87F0-63B393262238}.Release|Any CPU.ActiveCfg = Release|Any CPU
		{7EE52C8B-7BEE-4ED1-87F0-63B393262238}.Release|Any CPU.Build.0 = Release|Any CPU
		{68055B35-C615-4BA8-A36D-E0426C0A0D37}.Debug|Any CPU.ActiveCfg = Debug|Any CPU
		{68055B35-C615-4BA8-A36D-E0426C0A0D37}.Debug|Any CPU.Build.0 = Debug|Any CPU
		{68055B35-C615-4BA8-A36D-E0426C0A0D37}.Release|Any CPU.ActiveCfg = Release|Any CPU
		{68055B35-C615-4BA8-A36D-E0426C0A0D37}.Release|Any CPU.Build.0 = Release|Any CPU
		{F2997163-8915-4C68-B3CD-CC33DDB2238F}.Debug|Any CPU.ActiveCfg = Debug|Any CPU
		{F2997163-8915-4C68-B3CD-CC33DDB2238F}.Debug|Any CPU.Build.0 = Debug|Any CPU
		{F2997163-8915-4C68-B3CD-CC33DDB2238F}.Release|Any CPU.ActiveCfg = Release|Any CPU
		{F2997163-8915-4C68-B3CD-CC33DDB2238F}.Release|Any CPU.Build.0 = Release|Any CPU
		{5C3F18E8-A62E-4624-900D-E51086E5C910}.Debug|Any CPU.ActiveCfg = Debug|Any CPU
		{5C3F18E8-A62E-4624-900D-E51086E5C910}.Debug|Any CPU.Build.0 = Debug|Any CPU
		{5C3F18E8-A62E-4624-900D-E51086E5C910}.Release|Any CPU.ActiveCfg = Release|Any CPU
		{5C3F18E8-A62E-4624-900D-E51086E5C910}.Release|Any CPU.Build.0 = Release|Any CPU
		{AAE463E6-B672-4BE5-BD4A-0860F7F0F1EA}.Debug|Any CPU.ActiveCfg = Debug|Any CPU
		{AAE463E6-B672-4BE5-BD4A-0860F7F0F1EA}.Debug|Any CPU.Build.0 = Debug|Any CPU
		{AAE463E6-B672-4BE5-BD4A-0860F7F0F1EA}.Release|Any CPU.ActiveCfg = Release|Any CPU
		{AAE463E6-B672-4BE5-BD4A-0860F7F0F1EA}.Release|Any CPU.Build.0 = Release|Any CPU
	EndGlobalSection
	GlobalSection(SolutionProperties) = preSolution
		HideSolutionNode = FALSE
	EndGlobalSection
	GlobalSection(ExtensibilityGlobals) = postSolution
		SolutionGuid = {77E660DF-1D8B-4F6A-8F4E-F2D4D0E797F2}
	EndGlobalSection
EndGlobal
