
Microsoft Visual Studio Solution File, Format Version 12.00
# Visual Studio Version 17
VisualStudioVersion = 17.4.33205.214
MinimumVisualStudioVersion = 10.0.40219.1
Project("{FAE04EC0-301F-11D3-BF4B-00C04F79EFBC}") = "ServerApp", "ServerApp\ServerApp.csproj", "{CCE5AD86-3445-49BD-8A8C-8B4C02C090B8}"
EndProject
Project("{FAE04EC0-301F-11D3-BF4B-00C04F79EFBC}") = "ClientApp", "ClientApp\ClientApp.csproj", "{7F288E21-B038-47CC-B388-34DC287B373D}"
EndProject
Global
	GlobalSection(SolutionConfigurationPlatforms) = preSolution
		Debug|Any CPU = Debug|Any CPU
		Release|Any CPU = Release|Any CPU
	EndGlobalSection
	GlobalSection(ProjectConfigurationPlatforms) = postSolution
		{CCE5AD86-3445-49BD-8A8C-8B4C02C090B8}.Debug|Any CPU.ActiveCfg = Debug|Any CPU
		{CCE5AD86-3445-49BD-8A8C-8B4C02C090B8}.Debug|Any CPU.Build.0 = Debug|Any CPU
		{CCE5AD86-3445-49BD-8A8C-8B4C02C090B8}.Release|Any CPU.ActiveCfg = Release|Any CPU
		{CCE5AD86-3445-49BD-8A8C-8B4C02C090B8}.Release|Any CPU.Build.0 = Release|Any CPU
		{7F288E21-B038-47CC-B388-34DC287B373D}.Debug|Any CPU.ActiveCfg = Debug|Any CPU
		{7F288E21-B038-47CC-B388-34DC287B373D}.Debug|Any CPU.Build.0 = Debug|Any CPU
		{7F288E21-B038-47CC-B388-34DC287B373D}.Release|Any CPU.ActiveCfg = Release|Any CPU
		{7F288E21-B038-47CC-B388-34DC287B373D}.Release|Any CPU.Build.0 = Release|Any CPU
	EndGlobalSection
	GlobalSection(SolutionProperties) = preSolution
		HideSolutionNode = FALSE
	EndGlobalSection
	GlobalSection(ExtensibilityGlobals) = postSolution
		SolutionGuid = {07892BE7-1CD0-46AC-AAEE-AE3159EB0E47}
	EndGlobalSection
EndGlobal
