
Microsoft Visual Studio Solution File, Format Version 12.00
# Visual Studio Version 17
VisualStudioVersion = 17.3.32811.315
MinimumVisualStudioVersion = 10.0.40219.1
Project("{FAE04EC0-301F-11D3-BF4B-00C04F79EFBC}") = "4_1.TcpClient", "4_1.TcpClient\4_1.TcpClient.csproj", "{4726CDA8-C267-4330-AB71-311E5B207BF3}"
EndProject
Project("{FAE04EC0-301F-11D3-BF4B-00C04F79EFBC}") = "4_1.UdpClientA", "4_1.UdpClientA\4_1.UdpClientA.csproj", "{552EEF94-4541-41F9-ADFE-F70B9BAF5522}"
EndProject
Project("{FAE04EC0-301F-11D3-BF4B-00C04F79EFBC}") = "4_1.TcpListner", "4_1.TcpListner\4_1.TcpListner.csproj", "{8ED80602-7D17-49EA-A1BB-3A62E74AD8BD}"
EndProject
Project("{FAE04EC0-301F-11D3-BF4B-00C04F79EFBC}") = "4_1.UdpServer", "4_1.UdpServer\4_1.UdpServer.csproj", "{FACA64A4-8A20-4CF8-B0A0-FBC54C99635C}"
EndProject
Project("{FAE04EC0-301F-11D3-BF4B-00C04F79EFBC}") = "4_1.UdpClientB", "4_1.UdpClientB\4_1.UdpClientB.csproj", "{DE97EAC8-B862-4506-97E3-3F5295E9CA8D}"
EndProject
Global
	GlobalSection(SolutionConfigurationPlatforms) = preSolution
		Debug|Any CPU = Debug|Any CPU
		Release|Any CPU = Release|Any CPU
	EndGlobalSection
	GlobalSection(ProjectConfigurationPlatforms) = postSolution
		{4726CDA8-C267-4330-AB71-311E5B207BF3}.Debug|Any CPU.ActiveCfg = Debug|Any CPU
		{4726CDA8-C267-4330-AB71-311E5B207BF3}.Debug|Any CPU.Build.0 = Debug|Any CPU
		{4726CDA8-C267-4330-AB71-311E5B207BF3}.Release|Any CPU.ActiveCfg = Release|Any CPU
		{4726CDA8-C267-4330-AB71-311E5B207BF3}.Release|Any CPU.Build.0 = Release|Any CPU
		{552EEF94-4541-41F9-ADFE-F70B9BAF5522}.Debug|Any CPU.ActiveCfg = Debug|Any CPU
		{552EEF94-4541-41F9-ADFE-F70B9BAF5522}.Debug|Any CPU.Build.0 = Debug|Any CPU
		{552EEF94-4541-41F9-ADFE-F70B9BAF5522}.Release|Any CPU.ActiveCfg = Release|Any CPU
		{552EEF94-4541-41F9-ADFE-F70B9BAF5522}.Release|Any CPU.Build.0 = Release|Any CPU
		{8ED80602-7D17-49EA-A1BB-3A62E74AD8BD}.Debug|Any CPU.ActiveCfg = Debug|Any CPU
		{8ED80602-7D17-49EA-A1BB-3A62E74AD8BD}.Debug|Any CPU.Build.0 = Debug|Any CPU
		{8ED80602-7D17-49EA-A1BB-3A62E74AD8BD}.Release|Any CPU.ActiveCfg = Release|Any CPU
		{8ED80602-7D17-49EA-A1BB-3A62E74AD8BD}.Release|Any CPU.Build.0 = Release|Any CPU
		{FACA64A4-8A20-4CF8-B0A0-FBC54C99635C}.Debug|Any CPU.ActiveCfg = Debug|Any CPU
		{FACA64A4-8A20-4CF8-B0A0-FBC54C99635C}.Debug|Any CPU.Build.0 = Debug|Any CPU
		{FACA64A4-8A20-4CF8-B0A0-FBC54C99635C}.Release|Any CPU.ActiveCfg = Release|Any CPU
		{FACA64A4-8A20-4CF8-B0A0-FBC54C99635C}.Release|Any CPU.Build.0 = Release|Any CPU
		{DE97EAC8-B862-4506-97E3-3F5295E9CA8D}.Debug|Any CPU.ActiveCfg = Debug|Any CPU
		{DE97EAC8-B862-4506-97E3-3F5295E9CA8D}.Debug|Any CPU.Build.0 = Debug|Any CPU
		{DE97EAC8-B862-4506-97E3-3F5295E9CA8D}.Release|Any CPU.ActiveCfg = Release|Any CPU
		{DE97EAC8-B862-4506-97E3-3F5295E9CA8D}.Release|Any CPU.Build.0 = Release|Any CPU
	EndGlobalSection
	GlobalSection(SolutionProperties) = preSolution
		HideSolutionNode = FALSE
	EndGlobalSection
	GlobalSection(ExtensibilityGlobals) = postSolution
		SolutionGuid = {D6042525-B6B1-4B4C-8D1A-B5F7D2104533}
	EndGlobalSection
EndGlobal
